// !$*UTF8*$!
{
	archiveVersion = 1;
	classes = {
	};
	objectVersion = 50;
	objects = {

/* Begin PBXBuildFile section */
		575EDA9B2189F4D600DB0155 /* AppDelegate.swift in Sources */ = {isa = PBXBuildFile; fileRef = 575EDA9A2189F4D600DB0155 /* AppDelegate.swift */; };
		575EDA9D2189F4D600DB0155 /* ViewController.swift in Sources */ = {isa = PBXBuildFile; fileRef = 575EDA9C2189F4D600DB0155 /* ViewController.swift */; };
		575EDAA02189F4D600DB0155 /* Main.storyboard in Resources */ = {isa = PBXBuildFile; fileRef = 575EDA9E2189F4D600DB0155 /* Main.storyboard */; };
		575EDAA22189F4D800DB0155 /* Assets.xcassets in Resources */ = {isa = PBXBuildFile; fileRef = 575EDAA12189F4D800DB0155 /* Assets.xcassets */; };
		575EDAA52189F4D800DB0155 /* LaunchScreen.storyboard in Resources */ = {isa = PBXBuildFile; fileRef = 575EDAA32189F4D800DB0155 /* LaunchScreen.storyboard */; };
		575EDAB02189F4D800DB0155 /* iQuizTests.swift in Sources */ = {isa = PBXBuildFile; fileRef = 575EDAAF2189F4D800DB0155 /* iQuizTests.swift */; };
		575EDABB2189F4D800DB0155 /* iQuizUITests.swift in Sources */ = {isa = PBXBuildFile; fileRef = 575EDABA2189F4D800DB0155 /* iQuizUITests.swift */; };
/* End PBXBuildFile section */

/* Begin PBXContainerItemProxy section */
		575EDAAC2189F4D800DB0155 /* PBXContainerItemProxy */ = {
			isa = PBXContainerItemProxy;
			containerPortal = 575EDA8F2189F4D600DB0155 /* Project object */;
			proxyType = 1;
			remoteGlobalIDString = 575EDA962189F4D600DB0155;
			remoteInfo = iQuiz;
		};
		575EDAB72189F4D800DB0155 /* PBXContainerItemProxy */ = {
			isa = PBXContainerItemProxy;
			containerPortal = 575EDA8F2189F4D600DB0155 /* Project object */;
			proxyType = 1;
			remoteGlobalIDString = 575EDA962189F4D600DB0155;
			remoteInfo = iQuiz;
		};
/* End PBXContainerItemProxy section */

/* Begin PBXFileReference section */
		575EDA972189F4D600DB0155 /* iQuiz.app */ = {isa = PBXFileReference; explicitFileType = wrapper.application; includeInIndex = 0; path = iQuiz.app; sourceTree = BUILT_PRODUCTS_DIR; };
		575EDA9A2189F4D600DB0155 /* AppDelegate.swift */ = {isa = PBXFileReference; lastKnownFileType = sourcecode.swift; path = AppDelegate.swift; sourceTree = "<group>"; };
		575EDA9C2189F4D600DB0155 /* ViewController.swift */ = {isa = PBXFileReference; lastKnownFileType = sourcecode.swift; path = ViewController.swift; sourceTree = "<group>"; };
		575EDA9F2189F4D600DB0155 /* Base */ = {isa = PBXFileReference; lastKnownFileType = file.storyboard; name = Base; path = Base.lproj/Main.storyboard; sourceTree = "<group>"; };
		575EDAA12189F4D800DB0155 /* Assets.xcassets */ = {isa = PBXFileReference; lastKnownFileType = folder.assetcatalog; path = Assets.xcassets; sourceTree = "<group>"; };
		575EDAA42189F4D800DB0155 /* Base */ = {isa = PBXFileReference; lastKnownFileType = file.storyboard; name = Base; path = Base.lproj/LaunchScreen.storyboard; sourceTree = "<group>"; };
		575EDAA62189F4D800DB0155 /* Info.plist */ = {isa = PBXFileReference; lastKnownFileType = text.plist.xml; path = Info.plist; sourceTree = "<group>"; };
		575EDAAB2189F4D800DB0155 /* iQuizTests.xctest */ = {isa = PBXFileReference; explicitFileType = wrapper.cfbundle; includeInIndex = 0; path = iQuizTests.xctest; sourceTree = BUILT_PRODUCTS_DIR; };
		575EDAAF2189F4D800DB0155 /* iQuizTests.swift */ = {isa = PBXFileReference; lastKnownFileType = sourcecode.swift; path = iQuizTests.swift; sourceTree = "<group>"; };
		575EDAB12189F4D800DB0155 /* Info.plist */ = {isa = PBXFileReference; lastKnownFileType = text.plist.xml; path = Info.plist; sourceTree = "<group>"; };
		575EDAB62189F4D800DB0155 /* iQuizUITests.xctest */ = {isa = PBXFileReference; explicitFileType = wrapper.cfbundle; includeInIndex = 0; path = iQuizUITests.xctest; sourceTree = BUILT_PRODUCTS_DIR; };
		575EDABA2189F4D800DB0155 /* iQuizUITests.swift */ = {isa = PBXFileReference; lastKnownFileType = sourcecode.swift; path = iQuizUITests.swift; sourceTree = "<group>"; };
		575EDABC2189F4D800DB0155 /* Info.plist */ = {isa = PBXFileReference; lastKnownFileType = text.plist.xml; path = Info.plist; sourceTree = "<group>"; };
/* End PBXFileReference section */

/* Begin PBXFrameworksBuildPhase section */
		575EDA942189F4D600DB0155 /* Frameworks */ = {
			isa = PBXFrameworksBuildPhase;
			buildActionMask = 2147483647;
			files = (
			);
			runOnlyForDeploymentPostprocessing = 0;
		};
		575EDAA82189F4D800DB0155 /* Frameworks */ = {
			isa = PBXFrameworksBuildPhase;
			buildActionMask = 2147483647;
			files = (
			);
			runOnlyForDeploymentPostprocessing = 0;
		};
		575EDAB32189F4D800DB0155 /* Frameworks */ = {
			isa = PBXFrameworksBuildPhase;
			buildActionMask = 2147483647;
			files = (
			);
			runOnlyForDeploymentPostprocessing = 0;
		};
/* End PBXFrameworksBuildPhase section */

/* Begin PBXGroup section */
		575EDA8E2189F4D600DB0155 = {
			isa = PBXGroup;
			children = (
				575EDA992189F4D600DB0155 /* iQuiz */,
				575EDAAE2189F4D800DB0155 /* iQuizTests */,
				575EDAB92189F4D800DB0155 /* iQuizUITests */,
				575EDA982189F4D600DB0155 /* Products */,
			);
			sourceTree = "<group>";
		};
		575EDA982189F4D600DB0155 /* Products */ = {
			isa = PBXGroup;
			children = (
				575EDA972189F4D600DB0155 /* iQuiz.app */,
				575EDAAB2189F4D800DB0155 /* iQuizTests.xctest */,
				575EDAB62189F4D800DB0155 /* iQuizUITests.xctest */,
			);
			name = Products;
			sourceTree = "<group>";
		};
		575EDA992189F4D600DB0155 /* iQuiz */ = {
			isa = PBXGroup;
			children = (
				575EDA9A2189F4D600DB0155 /* AppDelegate.swift */,
				575EDA9C2189F4D600DB0155 /* ViewController.swift */,
				575EDA9E2189F4D600DB0155 /* Main.storyboard */,
				575EDAA12189F4D800DB0155 /* Assets.xcassets */,
				575EDAA32189F4D800DB0155 /* LaunchScreen.storyboard */,
				575EDAA62189F4D800DB0155 /* Info.plist */,
			);
			path = iQuiz;
			sourceTree = "<group>";
		};
		575EDAAE2189F4D800DB0155 /* iQuizTests */ = {
			isa = PBXGroup;
			children = (
				575EDAAF2189F4D800DB0155 /* iQuizTests.swift */,
				575EDAB12189F4D800DB0155 /* Info.plist */,
			);
			path = iQuizTests;
			sourceTree = "<group>";
		};
		575EDAB92189F4D800DB0155 /* iQuizUITests */ = {
			isa = PBXGroup;
			children = (
				575EDABA2189F4D800DB0155 /* iQuizUITests.swift */,
				575EDABC2189F4D800DB0155 /* Info.plist */,
			);
			path = iQuizUITests;
			sourceTree = "<group>";
		};
/* End PBXGroup section */

/* Begin PBXNativeTarget section */
		575EDA962189F4D600DB0155 /* iQuiz */ = {
			isa = PBXNativeTarget;
			buildConfigurationList = 575EDABF2189F4D800DB0155 /* Build configuration list for PBXNativeTarget "iQuiz" */;
			buildPhases = (
				575EDA932189F4D600DB0155 /* Sources */,
				575EDA942189F4D600DB0155 /* Frameworks */,
				575EDA952189F4D600DB0155 /* Resources */,
			);
			buildRules = (
			);
			dependencies = (
			);
			name = iQuiz;
			productName = iQuiz;
			productReference = 575EDA972189F4D600DB0155 /* iQuiz.app */;
			productType = "com.apple.product-type.application";
		};
		575EDAAA2189F4D800DB0155 /* iQuizTests */ = {
			isa = PBXNativeTarget;
			buildConfigurationList = 575EDAC22189F4D800DB0155 /* Build configuration list for PBXNativeTarget "iQuizTests" */;
			buildPhases = (
				575EDAA72189F4D800DB0155 /* Sources */,
				575EDAA82189F4D800DB0155 /* Frameworks */,
				575EDAA92189F4D800DB0155 /* Resources */,
			);
			buildRules = (
			);
			dependencies = (
				575EDAAD2189F4D800DB0155 /* PBXTargetDependency */,
			);
			name = iQuizTests;
			productName = iQuizTests;
			productReference = 575EDAAB2189F4D800DB0155 /* iQuizTests.xctest */;
			productType = "com.apple.product-type.bundle.unit-test";
		};
		575EDAB52189F4D800DB0155 /* iQuizUITests */ = {
			isa = PBXNativeTarget;
			buildConfigurationList = 575EDAC52189F4D800DB0155 /* Build configuration list for PBXNativeTarget "iQuizUITests" */;
			buildPhases = (
				575EDAB22189F4D800DB0155 /* Sources */,
				575EDAB32189F4D800DB0155 /* Frameworks */,
				575EDAB42189F4D800DB0155 /* Resources */,
			);
			buildRules = (
			);
			dependencies = (
				575EDAB82189F4D800DB0155 /* PBXTargetDependency */,
			);
			name = iQuizUITests;
			productName = iQuizUITests;
			productReference = 575EDAB62189F4D800DB0155 /* iQuizUITests.xctest */;
			productType = "com.apple.product-type.bundle.ui-testing";
		};
/* End PBXNativeTarget section */

/* Begin PBXProject section */
		575EDA8F2189F4D600DB0155 /* Project object */ = {
			isa = PBXProject;
			attributes = {
				LastSwiftUpdateCheck = 1000;
				LastUpgradeCheck = 1000;
				ORGANIZATIONNAME = acevedoj;
				TargetAttributes = {
					575EDA962189F4D600DB0155 = {
						CreatedOnToolsVersion = 10.0;
					};
					575EDAAA2189F4D800DB0155 = {
						CreatedOnToolsVersion = 10.0;
						TestTargetID = 575EDA962189F4D600DB0155;
					};
					575EDAB52189F4D800DB0155 = {
						CreatedOnToolsVersion = 10.0;
						TestTargetID = 575EDA962189F4D600DB0155;
					};
				};
			};
			buildConfigurationList = 575EDA922189F4D600DB0155 /* Build configuration list for PBXProject "iQuiz" */;
			compatibilityVersion = "Xcode 9.3";
			developmentRegion = en;
			hasScannedForEncodings = 0;
			knownRegions = (
				en,
				Base,
			);
			mainGroup = 575EDA8E2189F4D600DB0155;
			productRefGroup = 575EDA982189F4D600DB0155 /* Products */;
			projectDirPath = "";
			projectRoot = "";
			targets = (
				575EDA962189F4D600DB0155 /* iQuiz */,
				575EDAAA2189F4D800DB0155 /* iQuizTests */,
				575EDAB52189F4D800DB0155 /* iQuizUITests */,
			);
		};
/* End PBXProject section */

/* Begin PBXResourcesBuildPhase section */
		575EDA952189F4D600DB0155 /* Resources */ = {
			isa = PBXResourcesBuildPhase;
			buildActionMask = 2147483647;
			files = (
				575EDAA52189F4D800DB0155 /* LaunchScreen.storyboard in Resources */,
				575EDAA22189F4D800DB0155 /* Assets.xcassets in Resources */,
				575EDAA02189F4D600DB0155 /* Main.storyboard in Resources */,
			);
			runOnlyForDeploymentPostprocessing = 0;
		};
		575EDAA92189F4D800DB0155 /* Resources */ = {
			isa = PBXResourcesBuildPhase;
			buildActionMask = 2147483647;
			files = (
			);
			runOnlyForDeploymentPostprocessing = 0;
		};
		575EDAB42189F4D800DB0155 /* Resources */ = {
			isa = PBXResourcesBuildPhase;
			buildActionMask = 2147483647;
			files = (
			);
			runOnlyForDeploymentPostprocessing = 0;
		};
/* End PBXResourcesBuildPhase section */

/* Begin PBXSourcesBuildPhase section */
		575EDA932189F4D600DB0155 /* Sources */ = {
			isa = PBXSourcesBuildPhase;
			buildActionMask = 2147483647;
			files = (
				575EDA9D2189F4D600DB0155 /* ViewController.swift in Sources */,
				575EDA9B2189F4D600DB0155 /* AppDelegate.swift in Sources */,
			);
			runOnlyForDeploymentPostprocessing = 0;
		};
		575EDAA72189F4D800DB0155 /* Sources */ = {
			isa = PBXSourcesBuildPhase;
			buildActionMask = 2147483647;
			files = (
				575EDAB02189F4D800DB0155 /* iQuizTests.swift in Sources */,
			);
			runOnlyForDeploymentPostprocessing = 0;
		};
		575EDAB22189F4D800DB0155 /* Sources */ = {
			isa = PBXSourcesBuildPhase;
			buildActionMask = 2147483647;
			files = (
				575EDABB2189F4D800DB0155 /* iQuizUITests.swift in Sources */,
			);
			runOnlyForDeploymentPostprocessing = 0;
		};
/* End PBXSourcesBuildPhase section */

/* Begin PBXTargetDependency section */
		575EDAAD2189F4D800DB0155 /* PBXTargetDependency */ = {
			isa = PBXTargetDependency;
			target = 575EDA962189F4D600DB0155 /* iQuiz */;
			targetProxy = 575EDAAC2189F4D800DB0155 /* PBXContainerItemProxy */;
		};
		575EDAB82189F4D800DB0155 /* PBXTargetDependency */ = {
			isa = PBXTargetDependency;
			target = 575EDA962189F4D600DB0155 /* iQuiz */;
			targetProxy = 575EDAB72189F4D800DB0155 /* PBXContainerItemProxy */;
		};
/* End PBXTargetDependency section */

/* Begin PBXVariantGroup section */
		575EDA9E2189F4D600DB0155 /* Main.storyboard */ = {
			isa = PBXVariantGroup;
			children = (
				575EDA9F2189F4D600DB0155 /* Base */,
			);
			name = Main.storyboard;
			sourceTree = "<group>";
		};
		575EDAA32189F4D800DB0155 /* LaunchScreen.storyboard */ = {
			isa = PBXVariantGroup;
			children = (
				575EDAA42189F4D800DB0155 /* Base */,
			);
			name = LaunchScreen.storyboard;
			sourceTree = "<group>";
		};
/* End PBXVariantGroup section */

/* Begin XCBuildConfiguration section */
		575EDABD2189F4D800DB0155 /* Debug */ = {
			isa = XCBuildConfiguration;
			buildSettings = {
				ALWAYS_SEARCH_USER_PATHS = NO;
				CLANG_ANALYZER_NONNULL = YES;
				CLANG_ANALYZER_NUMBER_OBJECT_CONVERSION = YES_AGGRESSIVE;
				CLANG_CXX_LANGUAGE_STANDARD = "gnu++14";
				CLANG_CXX_LIBRARY = "libc++";
				CLANG_ENABLE_MODULES = YES;
				CLANG_ENABLE_OBJC_ARC = YES;
				CLANG_ENABLE_OBJC_WEAK = YES;
				CLANG_WARN_BLOCK_CAPTURE_AUTORELEASING = YES;
				CLANG_WARN_BOOL_CONVERSION = YES;
				CLANG_WARN_COMMA = YES;
				CLANG_WARN_CONSTANT_CONVERSION = YES;
				CLANG_WARN_DEPRECATED_OBJC_IMPLEMENTATIONS = YES;
				CLANG_WARN_DIRECT_OBJC_ISA_USAGE = YES_ERROR;
				CLANG_WARN_DOCUMENTATION_COMMENTS = YES;
				CLANG_WARN_EMPTY_BODY = YES;
				CLANG_WARN_ENUM_CONVERSION = YES;
				CLANG_WARN_INFINITE_RECURSION = YES;
				CLANG_WARN_INT_CONVERSION = YES;
				CLANG_WARN_NON_LITERAL_NULL_CONVERSION = YES;
				CLANG_WARN_OBJC_IMPLICIT_RETAIN_SELF = YES;
				CLANG_WARN_OBJC_LITERAL_CONVERSION = YES;
				CLANG_WARN_OBJC_ROOT_CLASS = YES_ERROR;
				CLANG_WARN_RANGE_LOOP_ANALYSIS = YES;
				CLANG_WARN_STRICT_PROTOTYPES = YES;
				CLANG_WARN_SUSPICIOUS_MOVE = YES;
				CLANG_WARN_UNGUARDED_AVAILABILITY = YES_AGGRESSIVE;
				CLANG_WARN_UNREACHABLE_CODE = YES;
				CLANG_WARN__DUPLICATE_METHOD_MATCH = YES;
				CODE_SIGN_IDENTITY = "iPhone Developer";
				COPY_PHASE_STRIP = NO;
				DEBUG_INFORMATION_FORMAT = dwarf;
				ENABLE_STRICT_OBJC_MSGSEND = YES;
				ENABLE_TESTABILITY = YES;
				GCC_C_LANGUAGE_STANDARD = gnu11;
				GCC_DYNAMIC_NO_PIC = NO;
				GCC_NO_COMMON_BLOCKS = YES;
				GCC_OPTIMIZATION_LEVEL = 0;
				GCC_PREPROCESSOR_DEFINITIONS = (
					"DEBUG=1",
					"$(inherited)",
				);
				GCC_WARN_64_TO_32_BIT_CONVERSION = YES;
				GCC_WARN_ABOUT_RETURN_TYPE = YES_ERROR;
				GCC_WARN_UNDECLARED_SELECTOR = YES;
				GCC_WARN_UNINITIALIZED_AUTOS = YES_AGGRESSIVE;
				GCC_WARN_UNUSED_FUNCTION = YES;
				GCC_WARN_UNUSED_VARIABLE = YES;
				IPHONEOS_DEPLOYMENT_TARGET = 12.0;
				MTL_ENABLE_DEBUG_INFO = INCLUDE_SOURCE;
				MTL_FAST_MATH = YES;
				ONLY_ACTIVE_ARCH = YES;
				SDKROOT = iphoneos;
				SWIFT_ACTIVE_COMPILATION_CONDITIONS = DEBUG;
				SWIFT_OPTIMIZATION_LEVEL = "-Onone";
			};
			name = Debug;
		};
		575EDABE2189F4D800DB0155 /* Release */ = {
			isa = XCBuildConfiguration;
			buildSettings = {
				ALWAYS_SEARCH_USER_PATHS = NO;
				CLANG_ANALYZER_NONNULL = YES;
				CLANG_ANALYZER_NUMBER_OBJECT_CONVERSION = YES_AGGRESSIVE;
				CLANG_CXX_LANGUAGE_STANDARD = "gnu++14";
				CLANG_CXX_LIBRARY = "libc++";
				CLANG_ENABLE_MODULES = YES;
				CLANG_ENABLE_OBJC_ARC = YES;
				CLANG_ENABLE_OBJC_WEAK = YES;
				CLANG_WARN_BLOCK_CAPTURE_AUTORELEASING = YES;
				CLANG_WARN_BOOL_CONVERSION = YES;
				CLANG_WARN_COMMA = YES;
				CLANG_WARN_CONSTANT_CONVERSION = YES;
				CLANG_WARN_DEPRECATED_OBJC_IMPLEMENTATIONS = YES;
				CLANG_WARN_DIRECT_OBJC_ISA_USAGE = YES_ERROR;
				CLANG_WARN_DOCUMENTATION_COMMENTS = YES;
				CLANG_WARN_EMPTY_BODY = YES;
				CLANG_WARN_ENUM_CONVERSION = YES;
				CLANG_WARN_INFINITE_RECURSION = YES;
				CLANG_WARN_INT_CONVERSION = YES;
				CLANG_WARN_NON_LITERAL_NULL_CONVERSION = YES;
				CLANG_WARN_OBJC_IMPLICIT_RETAIN_SELF = YES;
				CLANG_WARN_OBJC_LITERAL_CONVERSION = YES;
				CLANG_WARN_OBJC_ROOT_CLASS = YES_ERROR;
				CLANG_WARN_RANGE_LOOP_ANALYSIS = YES;
				CLANG_WARN_STRICT_PROTOTYPES = YES;
				CLANG_WARN_SUSPICIOUS_MOVE = YES;
				CLANG_WARN_UNGUARDED_AVAILABILITY = YES_AGGRESSIVE;
				CLANG_WARN_UNREACHABLE_CODE = YES;
				CLANG_WARN__DUPLICATE_METHOD_MATCH = YES;
				CODE_SIGN_IDENTITY = "iPhone Developer";
				COPY_PHASE_STRIP = NO;
				DEBUG_INFORMATION_FORMAT = "dwarf-with-dsym";
				ENABLE_NS_ASSERTIONS = NO;
				ENABLE_STRICT_OBJC_MSGSEND = YES;
				GCC_C_LANGUAGE_STANDARD = gnu11;
				GCC_NO_COMMON_BLOCKS = YES;
				GCC_WARN_64_TO_32_BIT_CONVERSION = YES;
				GCC_WARN_ABOUT_RETURN_TYPE = YES_ERROR;
				GCC_WARN_UNDECLARED_SELECTOR = YES;
				GCC_WARN_UNINITIALIZED_AUTOS = YES_AGGRESSIVE;
				GCC_WARN_UNUSED_FUNCTION = YES;
				GCC_WARN_UNUSED_VARIABLE = YES;
				IPHONEOS_DEPLOYMENT_TARGET = 12.0;
				MTL_ENABLE_DEBUG_INFO = NO;
				MTL_FAST_MATH = YES;
				SDKROOT = iphoneos;
				SWIFT_COMPILATION_MODE = wholemodule;
				SWIFT_OPTIMIZATION_LEVEL = "-O";
				VALIDATE_PRODUCT = YES;
			};
			name = Release;
		};
		575EDAC02189F4D800DB0155 /* Debug */ = {
			isa = XCBuildConfiguration;
			buildSettings = {
				ASSETCATALOG_COMPILER_APPICON_NAME = AppIcon;
				CODE_SIGN_STYLE = Automatic;
				DEVELOPMENT_TEAM = KRX23WFZ8C;
				INFOPLIST_FILE = iQuiz/Info.plist;
				LD_RUNPATH_SEARCH_PATHS = (
					"$(inherited)",
					"@executable_path/Frameworks",
				);
				PRODUCT_BUNDLE_IDENTIFIER = edu.uw.acevedoj.iQuiz;
				PRODUCT_NAME = "$(TARGET_NAME)";
				SWIFT_VERSION = 4.2;
				TARGETED_DEVICE_FAMILY = "1,2";
			};
			name = Debug;
		};
		575EDAC12189F4D800DB0155 /* Release */ = {
			isa = XCBuildConfiguration;
			buildSettings = {
				ASSETCATALOG_COMPILER_APPICON_NAME = AppIcon;
				CODE_SIGN_STYLE = Automatic;
				DEVELOPMENT_TEAM = KRX23WFZ8C;
				INFOPLIST_FILE = iQuiz/Info.plist;
				LD_RUNPATH_SEARCH_PATHS = (
					"$(inherited)",
					"@executable_path/Frameworks",
				);
				PRODUCT_BUNDLE_IDENTIFIER = edu.uw.acevedoj.iQuiz;
				PRODUCT_NAME = "$(TARGET_NAME)";
				SWIFT_VERSION = 4.2;
				TARGETED_DEVICE_FAMILY = "1,2";
			};
			name = Release;
		};
		575EDAC32189F4D800DB0155 /* Debug */ = {
			isa = XCBuildConfiguration;
			buildSettings = {
				ALWAYS_EMBED_SWIFT_STANDARD_LIBRARIES = YES;
				BUNDLE_LOADER = "$(TEST_HOST)";
				CODE_SIGN_STYLE = Automatic;
				DEVELOPMENT_TEAM = KRX23WFZ8C;
				INFOPLIST_FILE = iQuizTests/Info.plist;
				LD_RUNPATH_SEARCH_PATHS = (
					"$(inherited)",
					"@executable_path/Frameworks",
					"@loader_path/Frameworks",
				);
				PRODUCT_BUNDLE_IDENTIFIER = edu.uw.acevedoj.iQuizTests;
				PRODUCT_NAME = "$(TARGET_NAME)";
				SWIFT_VERSION = 4.2;
				TARGETED_DEVICE_FAMILY = "1,2";
				TEST_HOST = "$(BUILT_PRODUCTS_DIR)/iQuiz.app/iQuiz";
			};
			name = Debug;
		};
		575EDAC42189F4D800DB0155 /* Release */ = {
			isa = XCBuildConfiguration;
			buildSettings = {
				ALWAYS_EMBED_SWIFT_STANDARD_LIBRARIES = YES;
				BUNDLE_LOADER = "$(TEST_HOST)";
				CODE_SIGN_STYLE = Automatic;
				DEVELOPMENT_TEAM = KRX23WFZ8C;
				INFOPLIST_FILE = iQuizTests/Info.plist;
				LD_RUNPATH_SEARCH_PATHS = (
					"$(inherited)",
					"@executable_path/Frameworks",
					"@loader_path/Frameworks",
				);
				PRODUCT_BUNDLE_IDENTIFIER = edu.uw.acevedoj.iQuizTests;
				PRODUCT_NAME = "$(TARGET_NAME)";
				SWIFT_VERSION = 4.2;
				TARGETED_DEVICE_FAMILY = "1,2";
				TEST_HOST = "$(BUILT_PRODUCTS_DIR)/iQuiz.app/iQuiz";
			};
			name = Release;
		};
		575EDAC62189F4D800DB0155 /* Debug */ = {
			isa = XCBuildConfiguration;
			buildSettings = {
				ALWAYS_EMBED_SWIFT_STANDARD_LIBRARIES = YES;
				CODE_SIGN_STYLE = Automatic;
				DEVELOPMENT_TEAM = KRX23WFZ8C;
				INFOPLIST_FILE = iQuizUITests/Info.plist;
				LD_RUNPATH_SEARCH_PATHS = (
					"$(inherited)",
					"@executable_path/Frameworks",
					"@loader_path/Frameworks",
				);
				PRODUCT_BUNDLE_IDENTIFIER = edu.uw.acevedoj.iQuizUITests;
				PRODUCT_NAME = "$(TARGET_NAME)";
				SWIFT_VERSION = 4.2;
				TARGETED_DEVICE_FAMILY = "1,2";
				TEST_TARGET_NAME = iQuiz;
			};
			name = Debug;
		};
		575EDAC72189F4D800DB0155 /* Release */ = {
			isa = XCBuildConfiguration;
			buildSettings = {
				ALWAYS_EMBED_SWIFT_STANDARD_LIBRARIES = YES;
				CODE_SIGN_STYLE = Automatic;
				DEVELOPMENT_TEAM = KRX23WFZ8C;
				INFOPLIST_FILE = iQuizUITests/Info.plist;
				LD_RUNPATH_SEARCH_PATHS = (
					"$(inherited)",
					"@executable_path/Frameworks",
					"@loader_path/Frameworks",
				);
				PRODUCT_BUNDLE_IDENTIFIER = edu.uw.acevedoj.iQuizUITests;
				PRODUCT_NAME = "$(TARGET_NAME)";
				SWIFT_VERSION = 4.2;
				TARGETED_DEVICE_FAMILY = "1,2";
				TEST_TARGET_NAME = iQuiz;
			};
			name = Release;
		};
/* End XCBuildConfiguration section */

/* Begin XCConfigurationList section */
		575EDA922189F4D600DB0155 /* Build configuration list for PBXProject "iQuiz" */ = {
			isa = XCConfigurationList;
			buildConfigurations = (
				575EDABD2189F4D800DB0155 /* Debug */,
				575EDABE2189F4D800DB0155 /* Release */,
			);
			defaultConfigurationIsVisible = 0;
			defaultConfigurationName = Release;
		};
		575EDABF2189F4D800DB0155 /* Build configuration list for PBXNativeTarget "iQuiz" */ = {
			isa = XCConfigurationList;
			buildConfigurations = (
				575EDAC02189F4D800DB0155 /* Debug */,
				575EDAC12189F4D800DB0155 /* Release */,
			);
			defaultConfigurationIsVisible = 0;
			defaultConfigurationName = Release;
		};
		575EDAC22189F4D800DB0155 /* Build configuration list for PBXNativeTarget "iQuizTests" */ = {
			isa = XCConfigurationList;
			buildConfigurations = (
				575EDAC32189F4D800DB0155 /* Debug */,
				575EDAC42189F4D800DB0155 /* Release */,
			);
			defaultConfigurationIsVisible = 0;
			defaultConfigurationName = Release;
		};
		575EDAC52189F4D800DB0155 /* Build configuration list for PBXNativeTarget "iQuizUITests" */ = {
			isa = XCConfigurationList;
			buildConfigurations = (
				575EDAC62189F4D800DB0155 /* Debug */,
				575EDAC72189F4D800DB0155 /* Release */,
			);
			defaultConfigurationIsVisible = 0;
			defaultConfigurationName = Release;
		};
/* End XCConfigurationList section */
	};
	rootObject = 575EDA8F2189F4D600DB0155 /* Project object */;
}
